
Microsoft Visual Studio Solution File, Format Version 12.00
# Visual Studio Version 16
VisualStudioVersion = 16.0.30413.136
MinimumVisualStudioVersion = 10.0.40219.1
Project("{FAE04EC0-301F-11D3-BF4B-00C04F79EFBC}") = "FormsApp1", "FormsApp1\FormsApp1.csproj", "{D0CC1EBA-949E-47FB-A7A6-0B27F7475491}"
EndProject
Global
	GlobalSection(SolutionConfigurationPlatforms) = preSolution
		Debug|Any CPU = Debug|Any CPU
		Release|Any CPU = Release|Any CPU
	EndGlobalSection
	GlobalSection(ProjectConfigurationPlatforms) = postSolution
		{D0CC1EBA-949E-47FB-A7A6-0B27F7475491}.Debug|Any CPU.ActiveCfg = Debug|Any CPU
		{D0CC1EBA-949E-47FB-A7A6-0B27F7475491}.Debug|Any CPU.Build.0 = Debug|Any CPU
		{D0CC1EBA-949E-47FB-A7A6-0B27F7475491}.Release|Any CPU.ActiveCfg = Release|Any CPU
		{D0CC1EBA-949E-47FB-A7A6-0B27F7475491}.Release|Any CPU.Build.0 = Release|Any CPU
	EndGlobalSection
	GlobalSection(SolutionProperties) = preSolution
		HideSolutionNode = FALSE
	EndGlobalSection
	GlobalSection(ExtensibilityGlobals) = postSolution
		SolutionGuid = {0978CAF7-06B2-4BAA-879E-C8C5B4205E66}
	EndGlobalSection
EndGlobal
